// !$*UTF8*$!
{
	archiveVersion = 1;
	classes = {
	};
	objectVersion = 56;
	objects = {

/* Begin PBXBuildFile section */
		69D871008A19BCCE8F890DA8 /* Pods_WidgetsExtensionExtension.framework in Frameworks */ = {isa = PBXBuildFile; fileRef = 5D22A314453C856332BBC89B /* Pods_WidgetsExtensionExtension.framework */; };
		6AE7FB842ADE6E08002471F9 /* WidgetsDemoApp.swift in Sources */ = {isa = PBXBuildFile; fileRef = 6AE7FB832ADE6E08002471F9 /* WidgetsDemoApp.swift */; };
		6AE7FB862ADE6E08002471F9 /* ContentView.swift in Sources */ = {isa = PBXBuildFile; fileRef = 6AE7FB852ADE6E08002471F9 /* ContentView.swift */; };
		6AE7FB882ADE6E0A002471F9 /* Assets.xcassets in Resources */ = {isa = PBXBuildFile; fileRef = 6AE7FB872ADE6E0A002471F9 /* Assets.xcassets */; };
		6AE7FB8B2ADE6E0A002471F9 /* Preview Assets.xcassets in Resources */ = {isa = PBXBuildFile; fileRef = 6AE7FB8A2ADE6E0A002471F9 /* Preview Assets.xcassets */; };
		6AE7FB982ADE6E1E002471F9 /* WidgetKit.framework in Frameworks */ = {isa = PBXBuildFile; fileRef = 6AE7FB972ADE6E1E002471F9 /* WidgetKit.framework */; };
		6AE7FB9A2ADE6E1E002471F9 /* SwiftUI.framework in Frameworks */ = {isa = PBXBuildFile; fileRef = 6AE7FB992ADE6E1E002471F9 /* SwiftUI.framework */; };
		6AE7FB9D2ADE6E1E002471F9 /* WidgetsExtensionBundle.swift in Sources */ = {isa = PBXBuildFile; fileRef = 6AE7FB9C2ADE6E1E002471F9 /* WidgetsExtensionBundle.swift */; };
		6AE7FB9F2ADE6E1E002471F9 /* WidgetsExtension.swift in Sources */ = {isa = PBXBuildFile; fileRef = 6AE7FB9E2ADE6E1E002471F9 /* WidgetsExtension.swift */; };
		6AE7FBA12ADE6E20002471F9 /* Assets.xcassets in Resources */ = {isa = PBXBuildFile; fileRef = 6AE7FBA02ADE6E20002471F9 /* Assets.xcassets */; };
		6AE7FBA52ADE6E20002471F9 /* WidgetsExtensionExtension.appex in Embed Foundation Extensions */ = {isa = PBXBuildFile; fileRef = 6AE7FB952ADE6E1E002471F9 /* WidgetsExtensionExtension.appex */; settings = {ATTRIBUTES = (RemoveHeadersOnCopy, ); }; };
		6AE7FBAC2ADE7893002471F9 /* TaskModel.swift in Sources */ = {isa = PBXBuildFile; fileRef = 6AE7FBAB2ADE7893002471F9 /* TaskModel.swift */; };
		6AE7FBAD2ADE7893002471F9 /* TaskModel.swift in Sources */ = {isa = PBXBuildFile; fileRef = 6AE7FBAB2ADE7893002471F9 /* TaskModel.swift */; };
		DE57ABF211B1733FB01B721C /* Pods_WidgetsDemo.framework in Frameworks */ = {isa = PBXBuildFile; fileRef = FADDE71E2AE6399091527845 /* Pods_WidgetsDemo.framework */; };
/* End PBXBuildFile section */

/* Begin PBXContainerItemProxy section */
		6AE7FBA32ADE6E20002471F9 /* PBXContainerItemProxy */ = {
			isa = PBXContainerItemProxy;
			containerPortal = 6AE7FB782ADE6E08002471F9 /* Project object */;
			proxyType = 1;
			remoteGlobalIDString = 6AE7FB942ADE6E1E002471F9;
			remoteInfo = WidgetsExtensionExtension;
		};
/* End PBXContainerItemProxy section */

/* Begin PBXCopyFilesBuildPhase section */
		6AE7FBA92ADE6E20002471F9 /* Embed Foundation Extensions */ = {
			isa = PBXCopyFilesBuildPhase;
			buildActionMask = 2147483647;
			dstPath = "";
			dstSubfolderSpec = 13;
			files = (
				6AE7FBA52ADE6E20002471F9 /* WidgetsExtensionExtension.appex in Embed Foundation Extensions */,
			);
			name = "Embed Foundation Extensions";
			runOnlyForDeploymentPostprocessing = 0;
		};
/* End PBXCopyFilesBuildPhase section */

/* Begin PBXFileReference section */
		5D22A314453C856332BBC89B /* Pods_WidgetsExtensionExtension.framework */ = {isa = PBXFileReference; explicitFileType = wrapper.framework; includeInIndex = 0; path = Pods_WidgetsExtensionExtension.framework; sourceTree = BUILT_PRODUCTS_DIR; };
		6280D58499F700018928DF05 /* Pods-WidgetsDemo.debug.xcconfig */ = {isa = PBXFileReference; includeInIndex = 1; lastKnownFileType = text.xcconfig; name = "Pods-WidgetsDemo.debug.xcconfig"; path = "Target Support Files/Pods-WidgetsDemo/Pods-WidgetsDemo.debug.xcconfig"; sourceTree = "<group>"; };
		6AE7FB802ADE6E08002471F9 /* WidgetsDemo.app */ = {isa = PBXFileReference; explicitFileType = wrapper.application; includeInIndex = 0; path = WidgetsDemo.app; sourceTree = BUILT_PRODUCTS_DIR; };
		6AE7FB832ADE6E08002471F9 /* WidgetsDemoApp.swift */ = {isa = PBXFileReference; lastKnownFileType = sourcecode.swift; path = WidgetsDemoApp.swift; sourceTree = "<group>"; };
		6AE7FB852ADE6E08002471F9 /* ContentView.swift */ = {isa = PBXFileReference; lastKnownFileType = sourcecode.swift; path = ContentView.swift; sourceTree = "<group>"; };
		6AE7FB872ADE6E0A002471F9 /* Assets.xcassets */ = {isa = PBXFileReference; lastKnownFileType = folder.assetcatalog; path = Assets.xcassets; sourceTree = "<group>"; };
		6AE7FB8A2ADE6E0A002471F9 /* Preview Assets.xcassets */ = {isa = PBXFileReference; lastKnownFileType = folder.assetcatalog; path = "Preview Assets.xcassets"; sourceTree = "<group>"; };
		6AE7FB952ADE6E1E002471F9 /* WidgetsExtensionExtension.appex */ = {isa = PBXFileReference; explicitFileType = "wrapper.app-extension"; includeInIndex = 0; path = WidgetsExtensionExtension.appex; sourceTree = BUILT_PRODUCTS_DIR; };
		6AE7FB972ADE6E1E002471F9 /* WidgetKit.framework */ = {isa = PBXFileReference; lastKnownFileType = wrapper.framework; name = WidgetKit.framework; path = System/Library/Frameworks/WidgetKit.framework; sourceTree = SDKROOT; };
		6AE7FB992ADE6E1E002471F9 /* SwiftUI.framework */ = {isa = PBXFileReference; lastKnownFileType = wrapper.framework; name = SwiftUI.framework; path = System/Library/Frameworks/SwiftUI.framework; sourceTree = SDKROOT; };
		6AE7FB9C2ADE6E1E002471F9 /* WidgetsExtensionBundle.swift */ = {isa = PBXFileReference; lastKnownFileType = sourcecode.swift; path = WidgetsExtensionBundle.swift; sourceTree = "<group>"; };
		6AE7FB9E2ADE6E1E002471F9 /* WidgetsExtension.swift */ = {isa = PBXFileReference; lastKnownFileType = sourcecode.swift; path = WidgetsExtension.swift; sourceTree = "<group>"; };
		6AE7FBA02ADE6E20002471F9 /* Assets.xcassets */ = {isa = PBXFileReference; lastKnownFileType = folder.assetcatalog; path = Assets.xcassets; sourceTree = "<group>"; };
		6AE7FBA22ADE6E20002471F9 /* Info.plist */ = {isa = PBXFileReference; lastKnownFileType = text.plist.xml; path = Info.plist; sourceTree = "<group>"; };
		6AE7FBAB2ADE7893002471F9 /* TaskModel.swift */ = {isa = PBXFileReference; fileEncoding = 4; lastKnownFileType = sourcecode.swift; path = TaskModel.swift; sourceTree = "<group>"; };
		6AE7FBB12ADEB5DB002471F9 /* WidgetsDemo.entitlements */ = {isa = PBXFileReference; lastKnownFileType = text.plist.entitlements; path = WidgetsDemo.entitlements; sourceTree = "<group>"; };
		6AE7FBB22ADEB5F3002471F9 /* WidgetsExtensionExtension.entitlements */ = {isa = PBXFileReference; lastKnownFileType = text.plist.entitlements; path = WidgetsExtensionExtension.entitlements; sourceTree = "<group>"; };
		90AB9039C4AF550063E1B6D4 /* Pods-WidgetsDemo.release.xcconfig */ = {isa = PBXFileReference; includeInIndex = 1; lastKnownFileType = text.xcconfig; name = "Pods-WidgetsDemo.release.xcconfig"; path = "Target Support Files/Pods-WidgetsDemo/Pods-WidgetsDemo.release.xcconfig"; sourceTree = "<group>"; };
		D72D550E09DCE6EB862BE1B8 /* Pods-WidgetsExtensionExtension.release.xcconfig */ = {isa = PBXFileReference; includeInIndex = 1; lastKnownFileType = text.xcconfig; name = "Pods-WidgetsExtensionExtension.release.xcconfig"; path = "Target Support Files/Pods-WidgetsExtensionExtension/Pods-WidgetsExtensionExtension.release.xcconfig"; sourceTree = "<group>"; };
		DCFB81C718D1374A73D2BC6F /* Pods-WidgetsExtensionExtension.debug.xcconfig */ = {isa = PBXFileReference; includeInIndex = 1; lastKnownFileType = text.xcconfig; name = "Pods-WidgetsExtensionExtension.debug.xcconfig"; path = "Target Support Files/Pods-WidgetsExtensionExtension/Pods-WidgetsExtensionExtension.debug.xcconfig"; sourceTree = "<group>"; };
		FADDE71E2AE6399091527845 /* Pods_WidgetsDemo.framework */ = {isa = PBXFileReference; explicitFileType = wrapper.framework; includeInIndex = 0; path = Pods_WidgetsDemo.framework; sourceTree = BUILT_PRODUCTS_DIR; };
/* End PBXFileReference section */

/* Begin PBXFrameworksBuildPhase section */
		6AE7FB7D2ADE6E08002471F9 /* Frameworks */ = {
			isa = PBXFrameworksBuildPhase;
			buildActionMask = 2147483647;
			files = (
				DE57ABF211B1733FB01B721C /* Pods_WidgetsDemo.framework in Frameworks */,
			);
			runOnlyForDeploymentPostprocessing = 0;
		};
		6AE7FB922ADE6E1E002471F9 /* Frameworks */ = {
			isa = PBXFrameworksBuildPhase;
			buildActionMask = 2147483647;
			files = (
				6AE7FB9A2ADE6E1E002471F9 /* SwiftUI.framework in Frameworks */,
				6AE7FB982ADE6E1E002471F9 /* WidgetKit.framework in Frameworks */,
				69D871008A19BCCE8F890DA8 /* Pods_WidgetsExtensionExtension.framework in Frameworks */,
			);
			runOnlyForDeploymentPostprocessing = 0;
		};
/* End PBXFrameworksBuildPhase section */

/* Begin PBXGroup section */
		6AE7FB772ADE6E08002471F9 = {
			isa = PBXGroup;
			children = (
				6AE7FBB22ADEB5F3002471F9 /* WidgetsExtensionExtension.entitlements */,
				6AE7FB822ADE6E08002471F9 /* WidgetsDemo */,
				6AE7FBAB2ADE7893002471F9 /* TaskModel.swift */,
				6AE7FB9B2ADE6E1E002471F9 /* WidgetsExtension */,
				6AE7FB962ADE6E1E002471F9 /* Frameworks */,
				6AE7FB812ADE6E08002471F9 /* Products */,
				8516021A70FEDA99AB65586C /* Pods */,
			);
			sourceTree = "<group>";
		};
		6AE7FB812ADE6E08002471F9 /* Products */ = {
			isa = PBXGroup;
			children = (
				6AE7FB802ADE6E08002471F9 /* WidgetsDemo.app */,
				6AE7FB952ADE6E1E002471F9 /* WidgetsExtensionExtension.appex */,
			);
			name = Products;
			sourceTree = "<group>";
		};
		6AE7FB822ADE6E08002471F9 /* WidgetsDemo */ = {
			isa = PBXGroup;
			children = (
				6AE7FBB12ADEB5DB002471F9 /* WidgetsDemo.entitlements */,
				6AE7FB832ADE6E08002471F9 /* WidgetsDemoApp.swift */,
				6AE7FB852ADE6E08002471F9 /* ContentView.swift */,
				6AE7FB872ADE6E0A002471F9 /* Assets.xcassets */,
				6AE7FB892ADE6E0A002471F9 /* Preview Content */,
			);
			path = WidgetsDemo;
			sourceTree = "<group>";
		};
		6AE7FB892ADE6E0A002471F9 /* Preview Content */ = {
			isa = PBXGroup;
			children = (
				6AE7FB8A2ADE6E0A002471F9 /* Preview Assets.xcassets */,
			);
			path = "Preview Content";
			sourceTree = "<group>";
		};
		6AE7FB962ADE6E1E002471F9 /* Frameworks */ = {
			isa = PBXGroup;
			children = (
				6AE7FB972ADE6E1E002471F9 /* WidgetKit.framework */,
				6AE7FB992ADE6E1E002471F9 /* SwiftUI.framework */,
				FADDE71E2AE6399091527845 /* Pods_WidgetsDemo.framework */,
				5D22A314453C856332BBC89B /* Pods_WidgetsExtensionExtension.framework */,
			);
			name = Frameworks;
			sourceTree = "<group>";
		};
		6AE7FB9B2ADE6E1E002471F9 /* WidgetsExtension */ = {
			isa = PBXGroup;
			children = (
				6AE7FB9C2ADE6E1E002471F9 /* WidgetsExtensionBundle.swift */,
				6AE7FB9E2ADE6E1E002471F9 /* WidgetsExtension.swift */,
				6AE7FBA02ADE6E20002471F9 /* Assets.xcassets */,
				6AE7FBA22ADE6E20002471F9 /* Info.plist */,
			);
			path = WidgetsExtension;
			sourceTree = "<group>";
		};
		8516021A70FEDA99AB65586C /* Pods */ = {
			isa = PBXGroup;
			children = (
				6280D58499F700018928DF05 /* Pods-WidgetsDemo.debug.xcconfig */,
				90AB9039C4AF550063E1B6D4 /* Pods-WidgetsDemo.release.xcconfig */,
				DCFB81C718D1374A73D2BC6F /* Pods-WidgetsExtensionExtension.debug.xcconfig */,
				D72D550E09DCE6EB862BE1B8 /* Pods-WidgetsExtensionExtension.release.xcconfig */,
			);
			path = Pods;
			sourceTree = "<group>";
		};
/* End PBXGroup section */

/* Begin PBXNativeTarget section */
		6AE7FB7F2ADE6E08002471F9 /* WidgetsDemo */ = {
			isa = PBXNativeTarget;
			buildConfigurationList = 6AE7FB8E2ADE6E0A002471F9 /* Build configuration list for PBXNativeTarget "WidgetsDemo" */;
			buildPhases = (
				3BDAC69C38AA1EC4532B1A29 /* [CP] Check Pods Manifest.lock */,
				6AE7FB7C2ADE6E08002471F9 /* Sources */,
				6AE7FB7D2ADE6E08002471F9 /* Frameworks */,
				6AE7FB7E2ADE6E08002471F9 /* Resources */,
				6AE7FBA92ADE6E20002471F9 /* Embed Foundation Extensions */,
				6A5981032ADFAC3400F43FE0 /* ShellScript */,
			);
			buildRules = (
			);
			dependencies = (
				6AE7FBA42ADE6E20002471F9 /* PBXTargetDependency */,
			);
			name = WidgetsDemo;
			productName = WidgetsDemo;
			productReference = 6AE7FB802ADE6E08002471F9 /* WidgetsDemo.app */;
			productType = "com.apple.product-type.application";
		};
		6AE7FB942ADE6E1E002471F9 /* WidgetsExtensionExtension */ = {
			isa = PBXNativeTarget;
			buildConfigurationList = 6AE7FBA62ADE6E20002471F9 /* Build configuration list for PBXNativeTarget "WidgetsExtensionExtension" */;
			buildPhases = (
				2B9C06C71662105D626E0522 /* [CP] Check Pods Manifest.lock */,
				6AE7FB912ADE6E1E002471F9 /* Sources */,
				6AE7FB922ADE6E1E002471F9 /* Frameworks */,
				6AE7FB932ADE6E1E002471F9 /* Resources */,
			);
			buildRules = (
			);
			dependencies = (
			);
			name = WidgetsExtensionExtension;
			productName = WidgetsExtensionExtension;
			productReference = 6AE7FB952ADE6E1E002471F9 /* WidgetsExtensionExtension.appex */;
			productType = "com.apple.product-type.app-extension";
		};
/* End PBXNativeTarget section */

/* Begin PBXProject section */
		6AE7FB782ADE6E08002471F9 /* Project object */ = {
			isa = PBXProject;
			attributes = {
				BuildIndependentTargetsInParallel = 1;
				LastSwiftUpdateCheck = 1500;
				LastUpgradeCheck = 1500;
				TargetAttributes = {
					6AE7FB7F2ADE6E08002471F9 = {
						CreatedOnToolsVersion = 15.0;
					};
					6AE7FB942ADE6E1E002471F9 = {
						CreatedOnToolsVersion = 15.0;
					};
				};
			};
			buildConfigurationList = 6AE7FB7B2ADE6E08002471F9 /* Build configuration list for PBXProject "WidgetsDemo" */;
			compatibilityVersion = "Xcode 14.0";
			developmentRegion = en;
			hasScannedForEncodings = 0;
			knownRegions = (
				en,
				Base,
			);
			mainGroup = 6AE7FB772ADE6E08002471F9;
			productRefGroup = 6AE7FB812ADE6E08002471F9 /* Products */;
			projectDirPath = "";
			projectRoot = "";
			targets = (
				6AE7FB7F2ADE6E08002471F9 /* WidgetsDemo */,
				6AE7FB942ADE6E1E002471F9 /* WidgetsExtensionExtension */,
			);
		};
/* End PBXProject section */

/* Begin PBXResourcesBuildPhase section */
		6AE7FB7E2ADE6E08002471F9 /* Resources */ = {
			isa = PBXResourcesBuildPhase;
			buildActionMask = 2147483647;
			files = (
				6AE7FB8B2ADE6E0A002471F9 /* Preview Assets.xcassets in Resources */,
				6AE7FB882ADE6E0A002471F9 /* Assets.xcassets in Resources */,
			);
			runOnlyForDeploymentPostprocessing = 0;
		};
		6AE7FB932ADE6E1E002471F9 /* Resources */ = {
			isa = PBXResourcesBuildPhase;
			buildActionMask = 2147483647;
			files = (
				6AE7FBA12ADE6E20002471F9 /* Assets.xcassets in Resources */,
			);
			runOnlyForDeploymentPostprocessing = 0;
		};
/* End PBXResourcesBuildPhase section */

/* Begin PBXShellScriptBuildPhase section */
		2B9C06C71662105D626E0522 /* [CP] Check Pods Manifest.lock */ = {
			isa = PBXShellScriptBuildPhase;
			buildActionMask = 2147483647;
			files = (
			);
			inputFileListPaths = (
			);
			inputPaths = (
				"${PODS_PODFILE_DIR_PATH}/Podfile.lock",
				"${PODS_ROOT}/Manifest.lock",
			);
			name = "[CP] Check Pods Manifest.lock";
			outputFileListPaths = (
			);
			outputPaths = (
				"$(DERIVED_FILE_DIR)/Pods-WidgetsExtensionExtension-checkManifestLockResult.txt",
			);
			runOnlyForDeploymentPostprocessing = 0;
			shellPath = /bin/sh;
			shellScript = "diff \"${PODS_PODFILE_DIR_PATH}/Podfile.lock\" \"${PODS_ROOT}/Manifest.lock\" > /dev/null\nif [ $? != 0 ] ; then\n    # print error to STDERR\n    echo \"error: The sandbox is not in sync with the Podfile.lock. Run 'pod install' or update your CocoaPods installation.\" >&2\n    exit 1\nfi\n# This output is used by Xcode 'outputs' to avoid re-running this script phase.\necho \"SUCCESS\" > \"${SCRIPT_OUTPUT_FILE_0}\"\n";
			showEnvVarsInLog = 0;
		};
		3BDAC69C38AA1EC4532B1A29 /* [CP] Check Pods Manifest.lock */ = {
			isa = PBXShellScriptBuildPhase;
			buildActionMask = 2147483647;
			files = (
			);
			inputFileListPaths = (
			);
			inputPaths = (
				"${PODS_PODFILE_DIR_PATH}/Podfile.lock",
				"${PODS_ROOT}/Manifest.lock",
			);
			name = "[CP] Check Pods Manifest.lock";
			outputFileListPaths = (
			);
			outputPaths = (
				"$(DERIVED_FILE_DIR)/Pods-WidgetsDemo-checkManifestLockResult.txt",
			);
			runOnlyForDeploymentPostprocessing = 0;
			shellPath = /bin/sh;
			shellScript = "diff \"${PODS_PODFILE_DIR_PATH}/Podfile.lock\" \"${PODS_ROOT}/Manifest.lock\" > /dev/null\nif [ $? != 0 ] ; then\n    # print error to STDERR\n    echo \"error: The sandbox is not in sync with the Podfile.lock. Run 'pod install' or update your CocoaPods installation.\" >&2\n    exit 1\nfi\n# This output is used by Xcode 'outputs' to avoid re-running this script phase.\necho \"SUCCESS\" > \"${SCRIPT_OUTPUT_FILE_0}\"\n";
			showEnvVarsInLog = 0;
		};
		6A5981032ADFAC3400F43FE0 /* ShellScript */ = {
			isa = PBXShellScriptBuildPhase;
			buildActionMask = 2147483647;
			files = (
			);
			inputFileListPaths = (
			);
			inputPaths = (
			);
			outputFileListPaths = (
			);
			outputPaths = (
			);
			runOnlyForDeploymentPostprocessing = 0;
			shellPath = /bin/sh;
			shellScript = "# Type a script or drag a script file from your workspace to insert its path.\n\"${PODS_ROOT}/SwiftLint/swiftlint\"\n";
		};
/* End PBXShellScriptBuildPhase section */

/* Begin PBXSourcesBuildPhase section */
		6AE7FB7C2ADE6E08002471F9 /* Sources */ = {
			isa = PBXSourcesBuildPhase;
			buildActionMask = 2147483647;
			files = (
				6AE7FBAC2ADE7893002471F9 /* TaskModel.swift in Sources */,
				6AE7FB862ADE6E08002471F9 /* ContentView.swift in Sources */,
				6AE7FB842ADE6E08002471F9 /* WidgetsDemoApp.swift in Sources */,
			);
			runOnlyForDeploymentPostprocessing = 0;
		};
		6AE7FB912ADE6E1E002471F9 /* Sources */ = {
			isa = PBXSourcesBuildPhase;
			buildActionMask = 2147483647;
			files = (
				6AE7FBAD2ADE7893002471F9 /* TaskModel.swift in Sources */,
				6AE7FB9D2ADE6E1E002471F9 /* WidgetsExtensionBundle.swift in Sources */,
				6AE7FB9F2ADE6E1E002471F9 /* WidgetsExtension.swift in Sources */,
			);
			runOnlyForDeploymentPostprocessing = 0;
		};
/* End PBXSourcesBuildPhase section */

/* Begin PBXTargetDependency section */
		6AE7FBA42ADE6E20002471F9 /* PBXTargetDependency */ = {
			isa = PBXTargetDependency;
			target = 6AE7FB942ADE6E1E002471F9 /* WidgetsExtensionExtension */;
			targetProxy = 6AE7FBA32ADE6E20002471F9 /* PBXContainerItemProxy */;
		};
/* End PBXTargetDependency section */

/* Begin XCBuildConfiguration section */
		6AE7FB8C2ADE6E0A002471F9 /* Debug */ = {
			isa = XCBuildConfiguration;
			buildSettings = {
				ALWAYS_SEARCH_USER_PATHS = NO;
				ASSETCATALOG_COMPILER_GENERATE_SWIFT_ASSET_SYMBOL_EXTENSIONS = YES;
				CLANG_ANALYZER_NONNULL = YES;
				CLANG_ANALYZER_NUMBER_OBJECT_CONVERSION = YES_AGGRESSIVE;
				CLANG_CXX_LANGUAGE_STANDARD = "gnu++20";
				CLANG_ENABLE_MODULES = YES;
				CLANG_ENABLE_OBJC_ARC = YES;
				CLANG_ENABLE_OBJC_WEAK = YES;
				CLANG_WARN_BLOCK_CAPTURE_AUTORELEASING = YES;
				CLANG_WARN_BOOL_CONVERSION = YES;
				CLANG_WARN_COMMA = YES;
				CLANG_WARN_CONSTANT_CONVERSION = YES;
				CLANG_WARN_DEPRECATED_OBJC_IMPLEMENTATIONS = YES;
				CLANG_WARN_DIRECT_OBJC_ISA_USAGE = YES_ERROR;
				CLANG_WARN_DOCUMENTATION_COMMENTS = YES;
				CLANG_WARN_EMPTY_BODY = YES;
				CLANG_WARN_ENUM_CONVERSION = YES;
				CLANG_WARN_INFINITE_RECURSION = YES;
				CLANG_WARN_INT_CONVERSION = YES;
				CLANG_WARN_NON_LITERAL_NULL_CONVERSION = YES;
				CLANG_WARN_OBJC_IMPLICIT_RETAIN_SELF = YES;
				CLANG_WARN_OBJC_LITERAL_CONVERSION = YES;
				CLANG_WARN_OBJC_ROOT_CLASS = YES_ERROR;
				CLANG_WARN_QUOTED_INCLUDE_IN_FRAMEWORK_HEADER = YES;
				CLANG_WARN_RANGE_LOOP_ANALYSIS = YES;
				CLANG_WARN_STRICT_PROTOTYPES = YES;
				CLANG_WARN_SUSPICIOUS_MOVE = YES;
				CLANG_WARN_UNGUARDED_AVAILABILITY = YES_AGGRESSIVE;
				CLANG_WARN_UNREACHABLE_CODE = YES;
				CLANG_WARN__DUPLICATE_METHOD_MATCH = YES;
				COPY_PHASE_STRIP = NO;
				DEBUG_INFORMATION_FORMAT = dwarf;
				ENABLE_STRICT_OBJC_MSGSEND = YES;
				ENABLE_TESTABILITY = YES;
				ENABLE_USER_SCRIPT_SANDBOXING = YES;
				GCC_C_LANGUAGE_STANDARD = gnu17;
				GCC_DYNAMIC_NO_PIC = NO;
				GCC_NO_COMMON_BLOCKS = YES;
				GCC_OPTIMIZATION_LEVEL = 0;
				GCC_PREPROCESSOR_DEFINITIONS = (
					"DEBUG=1",
					"$(inherited)",
				);
				GCC_WARN_64_TO_32_BIT_CONVERSION = YES;
				GCC_WARN_ABOUT_RETURN_TYPE = YES_ERROR;
				GCC_WARN_UNDECLARED_SELECTOR = YES;
				GCC_WARN_UNINITIALIZED_AUTOS = YES_AGGRESSIVE;
				GCC_WARN_UNUSED_FUNCTION = YES;
				GCC_WARN_UNUSED_VARIABLE = YES;
				IPHONEOS_DEPLOYMENT_TARGET = 17.0;
				LOCALIZATION_PREFERS_STRING_CATALOGS = YES;
				MTL_ENABLE_DEBUG_INFO = INCLUDE_SOURCE;
				MTL_FAST_MATH = YES;
				ONLY_ACTIVE_ARCH = YES;
				SDKROOT = iphoneos;
				SWIFT_ACTIVE_COMPILATION_CONDITIONS = "DEBUG $(inherited)";
				SWIFT_OPTIMIZATION_LEVEL = "-Onone";
			};
			name = Debug;
		};
		6AE7FB8D2ADE6E0A002471F9 /* Release */ = {
			isa = XCBuildConfiguration;
			buildSettings = {
				ALWAYS_SEARCH_USER_PATHS = NO;
				ASSETCATALOG_COMPILER_GENERATE_SWIFT_ASSET_SYMBOL_EXTENSIONS = YES;
				CLANG_ANALYZER_NONNULL = YES;
				CLANG_ANALYZER_NUMBER_OBJECT_CONVERSION = YES_AGGRESSIVE;
				CLANG_CXX_LANGUAGE_STANDARD = "gnu++20";
				CLANG_ENABLE_MODULES = YES;
				CLANG_ENABLE_OBJC_ARC = YES;
				CLANG_ENABLE_OBJC_WEAK = YES;
				CLANG_WARN_BLOCK_CAPTURE_AUTORELEASING = YES;
				CLANG_WARN_BOOL_CONVERSION = YES;
				CLANG_WARN_COMMA = YES;
				CLANG_WARN_CONSTANT_CONVERSION = YES;
				CLANG_WARN_DEPRECATED_OBJC_IMPLEMENTATIONS = YES;
				CLANG_WARN_DIRECT_OBJC_ISA_USAGE = YES_ERROR;
				CLANG_WARN_DOCUMENTATION_COMMENTS = YES;
				CLANG_WARN_EMPTY_BODY = YES;
				CLANG_WARN_ENUM_CONVERSION = YES;
				CLANG_WARN_INFINITE_RECURSION = YES;
				CLANG_WARN_INT_CONVERSION = YES;
				CLANG_WARN_NON_LITERAL_NULL_CONVERSION = YES;
				CLANG_WARN_OBJC_IMPLICIT_RETAIN_SELF = YES;
				CLANG_WARN_OBJC_LITERAL_CONVERSION = YES;
				CLANG_WARN_OBJC_ROOT_CLASS = YES_ERROR;
				CLANG_WARN_QUOTED_INCLUDE_IN_FRAMEWORK_HEADER = YES;
				CLANG_WARN_RANGE_LOOP_ANALYSIS = YES;
				CLANG_WARN_STRICT_PROTOTYPES = YES;
				CLANG_WARN_SUSPICIOUS_MOVE = YES;
				CLANG_WARN_UNGUARDED_AVAILABILITY = YES_AGGRESSIVE;
				CLANG_WARN_UNREACHABLE_CODE = YES;
				CLANG_WARN__DUPLICATE_METHOD_MATCH = YES;
				COPY_PHASE_STRIP = NO;
				DEBUG_INFORMATION_FORMAT = "dwarf-with-dsym";
				ENABLE_NS_ASSERTIONS = NO;
				ENABLE_STRICT_OBJC_MSGSEND = YES;
				ENABLE_USER_SCRIPT_SANDBOXING = YES;
				GCC_C_LANGUAGE_STANDARD = gnu17;
				GCC_NO_COMMON_BLOCKS = YES;
				GCC_WARN_64_TO_32_BIT_CONVERSION = YES;
				GCC_WARN_ABOUT_RETURN_TYPE = YES_ERROR;
				GCC_WARN_UNDECLARED_SELECTOR = YES;
				GCC_WARN_UNINITIALIZED_AUTOS = YES_AGGRESSIVE;
				GCC_WARN_UNUSED_FUNCTION = YES;
				GCC_WARN_UNUSED_VARIABLE = YES;
				IPHONEOS_DEPLOYMENT_TARGET = 17.0;
				LOCALIZATION_PREFERS_STRING_CATALOGS = YES;
				MTL_ENABLE_DEBUG_INFO = NO;
				MTL_FAST_MATH = YES;
				SDKROOT = iphoneos;
				SWIFT_COMPILATION_MODE = wholemodule;
				VALIDATE_PRODUCT = YES;
			};
			name = Release;
		};
		6AE7FB8F2ADE6E0A002471F9 /* Debug */ = {
			isa = XCBuildConfiguration;
			baseConfigurationReference = 6280D58499F700018928DF05 /* Pods-WidgetsDemo.debug.xcconfig */;
			buildSettings = {
				ALWAYS_EMBED_SWIFT_STANDARD_LIBRARIES = YES;
				ASSETCATALOG_COMPILER_APPICON_NAME = AppIcon;
				ASSETCATALOG_COMPILER_GLOBAL_ACCENT_COLOR_NAME = AccentColor;
				CODE_SIGN_ENTITLEMENTS = WidgetsDemo/WidgetsDemo.entitlements;
				CODE_SIGN_STYLE = Automatic;
				CURRENT_PROJECT_VERSION = 1;
				DEVELOPMENT_ASSET_PATHS = "\"WidgetsDemo/Preview Content\"";
				DEVELOPMENT_TEAM = LPRPC642LQ;
				ENABLE_PREVIEWS = YES;
				ENABLE_USER_SCRIPT_SANDBOXING = NO;
				GENERATE_INFOPLIST_FILE = YES;
				INFOPLIST_KEY_UIApplicationSceneManifest_Generation = YES;
				INFOPLIST_KEY_UIApplicationSupportsIndirectInputEvents = YES;
				INFOPLIST_KEY_UILaunchScreen_Generation = YES;
				INFOPLIST_KEY_UISupportedInterfaceOrientations_iPad = "UIInterfaceOrientationPortrait UIInterfaceOrientationPortraitUpsideDown UIInterfaceOrientationLandscapeLeft UIInterfaceOrientationLandscapeRight";
				INFOPLIST_KEY_UISupportedInterfaceOrientations_iPhone = "UIInterfaceOrientationPortrait UIInterfaceOrientationLandscapeLeft UIInterfaceOrientationLandscapeRight";
				LD_RUNPATH_SEARCH_PATHS = (
					"$(inherited)",
					"@executable_path/Frameworks",
				);
				MARKETING_VERSION = 1.0;
				PRODUCT_BUNDLE_IDENTIFIER = com.example.WidgetsDemo;
				PRODUCT_NAME = "$(TARGET_NAME)";
				SWIFT_EMIT_LOC_STRINGS = YES;
				SWIFT_VERSION = 5.0;
				TARGETED_DEVICE_FAMILY = "1,2";
			};
			name = Debug;
		};
		6AE7FB902ADE6E0A002471F9 /* Release */ = {
			isa = XCBuildConfiguration;
			baseConfigurationReference = 90AB9039C4AF550063E1B6D4 /* Pods-WidgetsDemo.release.xcconfig */;
			buildSettings = {
				ALWAYS_EMBED_SWIFT_STANDARD_LIBRARIES = YES;
				ASSETCATALOG_COMPILER_APPICON_NAME = AppIcon;
				ASSETCATALOG_COMPILER_GLOBAL_ACCENT_COLOR_NAME = AccentColor;
				CODE_SIGN_ENTITLEMENTS = WidgetsDemo/WidgetsDemo.entitlements;
				CODE_SIGN_STYLE = Automatic;
				CURRENT_PROJECT_VERSION = 1;
				DEVELOPMENT_ASSET_PATHS = "\"WidgetsDemo/Preview Content\"";
				DEVELOPMENT_TEAM = LPRPC642LQ;
				ENABLE_PREVIEWS = YES;
				ENABLE_USER_SCRIPT_SANDBOXING = NO;
				GENERATE_INFOPLIST_FILE = YES;
				INFOPLIST_KEY_UIApplicationSceneManifest_Generation = YES;
				INFOPLIST_KEY_UIApplicationSupportsIndirectInputEvents = YES;
				INFOPLIST_KEY_UILaunchScreen_Generation = YES;
				INFOPLIST_KEY_UISupportedInterfaceOrientations_iPad = "UIInterfaceOrientationPortrait UIInterfaceOrientationPortraitUpsideDown UIInterfaceOrientationLandscapeLeft UIInterfaceOrientationLandscapeRight";
				INFOPLIST_KEY_UISupportedInterfaceOrientations_iPhone = "UIInterfaceOrientationPortrait UIInterfaceOrientationLandscapeLeft UIInterfaceOrientationLandscapeRight";
				LD_RUNPATH_SEARCH_PATHS = (
					"$(inherited)",
					"@executable_path/Frameworks",
				);
				MARKETING_VERSION = 1.0;
				PRODUCT_BUNDLE_IDENTIFIER = com.example.WidgetsDemo;
				PRODUCT_NAME = "$(TARGET_NAME)";
				SWIFT_EMIT_LOC_STRINGS = YES;
				SWIFT_VERSION = 5.0;
				TARGETED_DEVICE_FAMILY = "1,2";
			};
			name = Release;
		};
		6AE7FBA72ADE6E20002471F9 /* Debug */ = {
			isa = XCBuildConfiguration;
			baseConfigurationReference = DCFB81C718D1374A73D2BC6F /* Pods-WidgetsExtensionExtension.debug.xcconfig */;
			buildSettings = {
				ASSETCATALOG_COMPILER_GLOBAL_ACCENT_COLOR_NAME = AccentColor;
				ASSETCATALOG_COMPILER_WIDGET_BACKGROUND_COLOR_NAME = WidgetBackground;
				CODE_SIGN_ENTITLEMENTS = WidgetsExtensionExtension.entitlements;
				CODE_SIGN_STYLE = Automatic;
				CURRENT_PROJECT_VERSION = 1;
				DEVELOPMENT_TEAM = "";
				ENABLE_USER_SCRIPT_SANDBOXING = NO;
				GENERATE_INFOPLIST_FILE = YES;
				INFOPLIST_FILE = WidgetsExtension/Info.plist;
				INFOPLIST_KEY_CFBundleDisplayName = WidgetsExtension;
				INFOPLIST_KEY_NSHumanReadableCopyright = "";
				LD_RUNPATH_SEARCH_PATHS = (
					"$(inherited)",
					"@executable_path/Frameworks",
					"@executable_path/../../Frameworks",
				);
				MARKETING_VERSION = 1.0;
				PRODUCT_BUNDLE_IDENTIFIER = com.example.WidgetsDemo.WidgetsExtension;
				PRODUCT_NAME = "$(TARGET_NAME)";
				SKIP_INSTALL = YES;
				SWIFT_EMIT_LOC_STRINGS = YES;
				SWIFT_VERSION = 5.0;
				TARGETED_DEVICE_FAMILY = "1,2";
			};
			name = Debug;
		};
		6AE7FBA82ADE6E20002471F9 /* Release */ = {
			isa = XCBuildConfiguration;
			baseConfigurationReference = D72D550E09DCE6EB862BE1B8 /* Pods-WidgetsExtensionExtension.release.xcconfig */;
			buildSettings = {
				ASSETCATALOG_COMPILER_GLOBAL_ACCENT_COLOR_NAME = AccentColor;
				ASSETCATALOG_COMPILER_WIDGET_BACKGROUND_COLOR_NAME = WidgetBackground;
				CODE_SIGN_ENTITLEMENTS = WidgetsExtensionExtension.entitlements;
				CODE_SIGN_STYLE = Automatic;
				CURRENT_PROJECT_VERSION = 1;
				DEVELOPMENT_TEAM = "";
				ENABLE_USER_SCRIPT_SANDBOXING = NO;
				GENERATE_INFOPLIST_FILE = YES;
				INFOPLIST_FILE = WidgetsExtension/Info.plist;
				INFOPLIST_KEY_CFBundleDisplayName = WidgetsExtension;
				INFOPLIST_KEY_NSHumanReadableCopyright = "";
				LD_RUNPATH_SEARCH_PATHS = (
					"$(inherited)",
					"@executable_path/Frameworks",
					"@executable_path/../../Frameworks",
				);
				MARKETING_VERSION = 1.0;
				PRODUCT_BUNDLE_IDENTIFIER = com.example.WidgetsDemo.WidgetsExtension;
				PRODUCT_NAME = "$(TARGET_NAME)";
				SKIP_INSTALL = YES;
				SWIFT_EMIT_LOC_STRINGS = YES;
				SWIFT_VERSION = 5.0;
				TARGETED_DEVICE_FAMILY = "1,2";
			};
			name = Release;
		};
/* End XCBuildConfiguration section */

/* Begin XCConfigurationList section */
		6AE7FB7B2ADE6E08002471F9 /* Build configuration list for PBXProject "WidgetsDemo" */ = {
			isa = XCConfigurationList;
			buildConfigurations = (
				6AE7FB8C2ADE6E0A002471F9 /* Debug */,
				6AE7FB8D2ADE6E0A002471F9 /* Release */,
			);
			defaultConfigurationIsVisible = 0;
			defaultConfigurationName = Release;
		};
		6AE7FB8E2ADE6E0A002471F9 /* Build configuration list for PBXNativeTarget "WidgetsDemo" */ = {
			isa = XCConfigurationList;
			buildConfigurations = (
				6AE7FB8F2ADE6E0A002471F9 /* Debug */,
				6AE7FB902ADE6E0A002471F9 /* Release */,
			);
			defaultConfigurationIsVisible = 0;
			defaultConfigurationName = Release;
		};
		6AE7FBA62ADE6E20002471F9 /* Build configuration list for PBXNativeTarget "WidgetsExtensionExtension" */ = {
			isa = XCConfigurationList;
			buildConfigurations = (
				6AE7FBA72ADE6E20002471F9 /* Debug */,
				6AE7FBA82ADE6E20002471F9 /* Release */,
			);
			defaultConfigurationIsVisible = 0;
			defaultConfigurationName = Release;
		};
/* End XCConfigurationList section */
	};
	rootObject = 6AE7FB782ADE6E08002471F9 /* Project object */;
}
